
Microsoft Visual Studio Solution File, Format Version 12.00
# Visual Studio Version 17
VisualStudioVersion = 17.0.32014.148
MinimumVisualStudioVersion = 10.0.40219.1
Project("{FAE04EC0-301F-11D3-BF4B-00C04F79EFBC}") = "ConsumerProducer", "ConsumerProducer.csproj", "{E63B1172-DD61-4027-AF53-9812A741CDF7}"
EndProject
Project("{FAE04EC0-301F-11D3-BF4B-00C04F79EFBC}") = "ConsumerProducerTests", "..\ConsumerProducerTests\ConsumerProducerTests.csproj", "{512D4163-9C36-4631-B950-F7C2B158F4A3}"
EndProject
Global
	GlobalSection(SolutionConfigurationPlatforms) = preSolution
		Debug|Any CPU = Debug|Any CPU
		Release|Any CPU = Release|Any CPU
	EndGlobalSection
	GlobalSection(ProjectConfigurationPlatforms) = postSolution
		{E63B1172-DD61-4027-AF53-9812A741CDF7}.Debug|Any CPU.ActiveCfg = Debug|Any CPU
		{E63B1172-DD61-4027-AF53-9812A741CDF7}.Debug|Any CPU.Build.0 = Debug|Any CPU
		{E63B1172-DD61-4027-AF53-9812A741CDF7}.Release|Any CPU.ActiveCfg = Release|Any CPU
		{E63B1172-DD61-4027-AF53-9812A741CDF7}.Release|Any CPU.Build.0 = Release|Any CPU
		{512D4163-9C36-4631-B950-F7C2B158F4A3}.Debug|Any CPU.ActiveCfg = Debug|Any CPU
		{512D4163-9C36-4631-B950-F7C2B158F4A3}.Debug|Any CPU.Build.0 = Debug|Any CPU
		{512D4163-9C36-4631-B950-F7C2B158F4A3}.Release|Any CPU.ActiveCfg = Release|Any CPU
		{512D4163-9C36-4631-B950-F7C2B158F4A3}.Release|Any CPU.Build.0 = Release|Any CPU
	EndGlobalSection
	GlobalSection(SolutionProperties) = preSolution
		HideSolutionNode = FALSE
	EndGlobalSection
	GlobalSection(ExtensibilityGlobals) = postSolution
		SolutionGuid = {0D3E7A36-C8A1-4155-9B51-9647C808DB9B}
	EndGlobalSection
EndGlobal
